
Microsoft Visual Studio Solution File, Format Version 12.00
# Visual Studio Version 17
VisualStudioVersion = 17.1.32328.378
MinimumVisualStudioVersion = 10.0.40219.1
Project("{9A19103F-16F7-4668-BE54-9A1E7A4F7556}") = "Streamish", "Streamish\Streamish.csproj", "{D5300869-4701-4A24-8831-AD9B7201D19B}"
EndProject
Project("{FAE04EC0-301F-11D3-BF4B-00C04F79EFBC}") = "Streamish.Tests", "Streamish.Tests\Streamish.Tests.csproj", "{010672E6-6B59-4E91-908B-B7351733552E}"
EndProject
Global
	GlobalSection(SolutionConfigurationPlatforms) = preSolution
		Debug|Any CPU = Debug|Any CPU
		Release|Any CPU = Release|Any CPU
	EndGlobalSection
	GlobalSection(ProjectConfigurationPlatforms) = postSolution
		{D5300869-4701-4A24-8831-AD9B7201D19B}.Debug|Any CPU.ActiveCfg = Debug|Any CPU
		{D5300869-4701-4A24-8831-AD9B7201D19B}.Debug|Any CPU.Build.0 = Debug|Any CPU
		{D5300869-4701-4A24-8831-AD9B7201D19B}.Release|Any CPU.ActiveCfg = Release|Any CPU
		{D5300869-4701-4A24-8831-AD9B7201D19B}.Release|Any CPU.Build.0 = Release|Any CPU
		{010672E6-6B59-4E91-908B-B7351733552E}.Debug|Any CPU.ActiveCfg = Debug|Any CPU
		{010672E6-6B59-4E91-908B-B7351733552E}.Debug|Any CPU.Build.0 = Debug|Any CPU
		{010672E6-6B59-4E91-908B-B7351733552E}.Release|Any CPU.ActiveCfg = Release|Any CPU
		{010672E6-6B59-4E91-908B-B7351733552E}.Release|Any CPU.Build.0 = Release|Any CPU
	EndGlobalSection
	GlobalSection(SolutionProperties) = preSolution
		HideSolutionNode = FALSE
	EndGlobalSection
	GlobalSection(ExtensibilityGlobals) = postSolution
		SolutionGuid = {6F0976E5-B1DA-4441-98F1-96BBBA4E9D5F}
	EndGlobalSection
EndGlobal
